
Microsoft Visual Studio Solution File, Format Version 12.00
# Visual Studio Version 17
VisualStudioVersion = 17.4.33205.214
MinimumVisualStudioVersion = 10.0.40219.1
Project("{FAE04EC0-301F-11D3-BF4B-00C04F79EFBC}") = "Superfolio", "Superfolio.csproj", "{64F3295B-972E-48E8-A7F3-1C0C496BA2C3}"
EndProject
Global
	GlobalSection(SolutionConfigurationPlatforms) = preSolution
		Debug|Any CPU = Debug|Any CPU
		Release|Any CPU = Release|Any CPU
	EndGlobalSection
	GlobalSection(ProjectConfigurationPlatforms) = postSolution
		{64F3295B-972E-48E8-A7F3-1C0C496BA2C3}.Debug|Any CPU.ActiveCfg = Debug|Any CPU
		{64F3295B-972E-48E8-A7F3-1C0C496BA2C3}.Debug|Any CPU.Build.0 = Debug|Any CPU
		{64F3295B-972E-48E8-A7F3-1C0C496BA2C3}.Release|Any CPU.ActiveCfg = Release|Any CPU
		{64F3295B-972E-48E8-A7F3-1C0C496BA2C3}.Release|Any CPU.Build.0 = Release|Any CPU
	EndGlobalSection
	GlobalSection(SolutionProperties) = preSolution
		HideSolutionNode = FALSE
	EndGlobalSection
	GlobalSection(ExtensibilityGlobals) = postSolution
		SolutionGuid = {FF4BF3C0-05DF-4BF5-8095-48F51BA2EB27}
	EndGlobalSection
EndGlobal
